
Microsoft Visual Studio Solution File, Format Version 12.00
# Visual Studio 15
VisualStudioVersion = 15.0.27428.2005
MinimumVisualStudioVersion = 10.0.40219.1
Project("{9A19103F-16F7-4668-BE54-9A1E7A4F7556}") = "DeckBuilder", "DeckBuilder\DeckBuilder.csproj", "{997F1349-D339-4FF4-AB14-064C0149DFBB}"
EndProject
Project("{FAE04EC0-301F-11D3-BF4B-00C04F79EFBC}") = "XUnitTestProject1", "XUnitTestProject1\XUnitTestProject1.csproj", "{22DAFFB5-E5FE-470F-9AC8-2415A11059CB}"
EndProject
Global
	GlobalSection(SolutionConfigurationPlatforms) = preSolution
		Debug|Any CPU = Debug|Any CPU
		Release|Any CPU = Release|Any CPU
	EndGlobalSection
	GlobalSection(ProjectConfigurationPlatforms) = postSolution
		{997F1349-D339-4FF4-AB14-064C0149DFBB}.Debug|Any CPU.ActiveCfg = Debug|Any CPU
		{997F1349-D339-4FF4-AB14-064C0149DFBB}.Debug|Any CPU.Build.0 = Debug|Any CPU
		{997F1349-D339-4FF4-AB14-064C0149DFBB}.Release|Any CPU.ActiveCfg = Release|Any CPU
		{997F1349-D339-4FF4-AB14-064C0149DFBB}.Release|Any CPU.Build.0 = Release|Any CPU
		{22DAFFB5-E5FE-470F-9AC8-2415A11059CB}.Debug|Any CPU.ActiveCfg = Debug|Any CPU
		{22DAFFB5-E5FE-470F-9AC8-2415A11059CB}.Debug|Any CPU.Build.0 = Debug|Any CPU
		{22DAFFB5-E5FE-470F-9AC8-2415A11059CB}.Release|Any CPU.ActiveCfg = Release|Any CPU
		{22DAFFB5-E5FE-470F-9AC8-2415A11059CB}.Release|Any CPU.Build.0 = Release|Any CPU
	EndGlobalSection
	GlobalSection(SolutionProperties) = preSolution
		HideSolutionNode = FALSE
	EndGlobalSection
	GlobalSection(ExtensibilityGlobals) = postSolution
		SolutionGuid = {AA968DD3-16B6-4DE1-A1C2-FA0314F438E9}
	EndGlobalSection
EndGlobal
